
Microsoft Visual Studio Solution File, Format Version 12.00
# Visual Studio 14
VisualStudioVersion = 14.0.25420.1
MinimumVisualStudioVersion = 10.0.40219.1
Project("{2150E333-8FDC-42A3-9474-1A3956D46DE8}") = "Solution Items", "Solution Items", "{6774763C-6C1F-42EF-89B8-47D897DA4B94}"
	ProjectSection(SolutionItems) = preProject
		CHANGELOG.txt = CHANGELOG.txt
	EndProjectSection
EndProject
Project("{8BC9CEB8-8B4A-11D0-8D11-00A0C91BC942}") = "MSCL", "MSCL\MSCL.vcxproj", "{6E258AAE-2FB3-45C8-AFF2-1350FBBA18BD}"
EndProject
Project("{FAE04EC0-301F-11D3-BF4B-00C04F79EFBC}") = "MSCL_Managed", "MSCL_Managed\MSCL_Managed.csproj", "{B790E57F-D57C-48B4-8FDF-84FD2F4219AC}"
	ProjectSection(ProjectDependencies) = postProject
		{6E258AAE-2FB3-45C8-AFF2-1350FBBA18BD} = {6E258AAE-2FB3-45C8-AFF2-1350FBBA18BD}
	EndProjectSection
EndProject
Project("{8BC9CEB8-8B4A-11D0-8D11-00A0C91BC942}") = "MSCL_Unit_Tests", "MSCL_Unit_Tests\MSCL_Unit_Tests.vcxproj", "{50B79FA8-35FA-40A4-866C-559719455197}"
EndProject
Project("{8BC9CEB8-8B4A-11D0-8D11-00A0C91BC942}") = "sample_mscl_cpp", "sample_mscl_cpp\sample_mscl_cpp.vcxproj", "{E56B7B0F-50A0-4C14-995C-2D67B770BD05}"
	ProjectSection(ProjectDependencies) = postProject
		{6E258AAE-2FB3-45C8-AFF2-1350FBBA18BD} = {6E258AAE-2FB3-45C8-AFF2-1350FBBA18BD}
	EndProjectSection
EndProject
Project("{FAE04EC0-301F-11D3-BF4B-00C04F79EFBC}") = "samples_mscl_csharp", "samples_mscl_csharp\samples_mscl_csharp.csproj", "{40F258AD-6F12-477A-8F79-8C4BB9BE760C}"
EndProject
Global
	GlobalSection(SolutionConfigurationPlatforms) = preSolution
		Debug (.NET)|Any CPU = Debug (.NET)|Any CPU
		Debug (.NET)|Mixed Platforms = Debug (.NET)|Mixed Platforms
		Debug (.NET)|Win32 = Debug (.NET)|Win32
		Debug (.NET)|x64 = Debug (.NET)|x64
		Debug (C++)|Any CPU = Debug (C++)|Any CPU
		Debug (C++)|Mixed Platforms = Debug (C++)|Mixed Platforms
		Debug (C++)|Win32 = Debug (C++)|Win32
		Debug (C++)|x64 = Debug (C++)|x64
		Release (.NET)|Any CPU = Release (.NET)|Any CPU
		Release (.NET)|Mixed Platforms = Release (.NET)|Mixed Platforms
		Release (.NET)|Win32 = Release (.NET)|Win32
		Release (.NET)|x64 = Release (.NET)|x64
		Release (C++)|Any CPU = Release (C++)|Any CPU
		Release (C++)|Mixed Platforms = Release (C++)|Mixed Platforms
		Release (C++)|Win32 = Release (C++)|Win32
		Release (C++)|x64 = Release (C++)|x64
		Release (Java)|Any CPU = Release (Java)|Any CPU
		Release (Java)|Mixed Platforms = Release (Java)|Mixed Platforms
		Release (Java)|Win32 = Release (Java)|Win32
		Release (Java)|x64 = Release (Java)|x64
		Release(Python)|Any CPU = Release(Python)|Any CPU
		Release(Python)|Mixed Platforms = Release(Python)|Mixed Platforms
		Release(Python)|Win32 = Release(Python)|Win32
		Release(Python)|x64 = Release(Python)|x64
	EndGlobalSection
	GlobalSection(ProjectConfigurationPlatforms) = postSolution
		{6E258AAE-2FB3-45C8-AFF2-1350FBBA18BD}.Debug (.NET)|Any CPU.ActiveCfg = Debug (.NET)|Win32
		{6E258AAE-2FB3-45C8-AFF2-1350FBBA18BD}.Debug (.NET)|Any CPU.Build.0 = Debug (.NET)|Win32
		{6E258AAE-2FB3-45C8-AFF2-1350FBBA18BD}.Debug (.NET)|Mixed Platforms.ActiveCfg = Debug (.NET)|Win32
		{6E258AAE-2FB3-45C8-AFF2-1350FBBA18BD}.Debug (.NET)|Mixed Platforms.Build.0 = Debug (.NET)|Win32
		{6E258AAE-2FB3-45C8-AFF2-1350FBBA18BD}.Debug (.NET)|Win32.ActiveCfg = Debug (.NET)|Win32
		{6E258AAE-2FB3-45C8-AFF2-1350FBBA18BD}.Debug (.NET)|Win32.Build.0 = Debug (.NET)|Win32
		{6E258AAE-2FB3-45C8-AFF2-1350FBBA18BD}.Debug (.NET)|x64.ActiveCfg = Debug (.NET)|x64
		{6E258AAE-2FB3-45C8-AFF2-1350FBBA18BD}.Debug (.NET)|x64.Build.0 = Debug (.NET)|x64
		{6E258AAE-2FB3-45C8-AFF2-1350FBBA18BD}.Debug (C++)|Any CPU.ActiveCfg = Debug (C++)|Win32
		{6E258AAE-2FB3-45C8-AFF2-1350FBBA18BD}.Debug (C++)|Any CPU.Build.0 = Debug (C++)|Win32
		{6E258AAE-2FB3-45C8-AFF2-1350FBBA18BD}.Debug (C++)|Mixed Platforms.ActiveCfg = Debug (C++)|Win32
		{6E258AAE-2FB3-45C8-AFF2-1350FBBA18BD}.Debug (C++)|Mixed Platforms.Build.0 = Debug (C++)|Win32
		{6E258AAE-2FB3-45C8-AFF2-1350FBBA18BD}.Debug (C++)|Win32.ActiveCfg = Debug (C++)|Win32
		{6E258AAE-2FB3-45C8-AFF2-1350FBBA18BD}.Debug (C++)|Win32.Build.0 = Debug (C++)|Win32
		{6E258AAE-2FB3-45C8-AFF2-1350FBBA18BD}.Debug (C++)|x64.ActiveCfg = Debug (C++)|x64
		{6E258AAE-2FB3-45C8-AFF2-1350FBBA18BD}.Debug (C++)|x64.Build.0 = Debug (C++)|x64
		{6E258AAE-2FB3-45C8-AFF2-1350FBBA18BD}.Release (.NET)|Any CPU.ActiveCfg = Release (.NET)|Win32
		{6E258AAE-2FB3-45C8-AFF2-1350FBBA18BD}.Release (.NET)|Any CPU.Build.0 = Release (.NET)|Win32
		{6E258AAE-2FB3-45C8-AFF2-1350FBBA18BD}.Release (.NET)|Mixed Platforms.ActiveCfg = Release (.NET)|Win32
		{6E258AAE-2FB3-45C8-AFF2-1350FBBA18BD}.Release (.NET)|Mixed Platforms.Build.0 = Release (.NET)|Win32
		{6E258AAE-2FB3-45C8-AFF2-1350FBBA18BD}.Release (.NET)|Win32.ActiveCfg = Release (.NET)|Win32
		{6E258AAE-2FB3-45C8-AFF2-1350FBBA18BD}.Release (.NET)|Win32.Build.0 = Release (.NET)|Win32
		{6E258AAE-2FB3-45C8-AFF2-1350FBBA18BD}.Release (.NET)|x64.ActiveCfg = Release (.NET)|x64
		{6E258AAE-2FB3-45C8-AFF2-1350FBBA18BD}.Release (.NET)|x64.Build.0 = Release (.NET)|x64
		{6E258AAE-2FB3-45C8-AFF2-1350FBBA18BD}.Release (C++)|Any CPU.ActiveCfg = Release (C++)|Win32
		{6E258AAE-2FB3-45C8-AFF2-1350FBBA18BD}.Release (C++)|Any CPU.Build.0 = Release (C++)|Win32
		{6E258AAE-2FB3-45C8-AFF2-1350FBBA18BD}.Release (C++)|Mixed Platforms.ActiveCfg = Release (C++)|Win32
		{6E258AAE-2FB3-45C8-AFF2-1350FBBA18BD}.Release (C++)|Mixed Platforms.Build.0 = Release (C++)|Win32
		{6E258AAE-2FB3-45C8-AFF2-1350FBBA18BD}.Release (C++)|Win32.ActiveCfg = Release (C++)|Win32
		{6E258AAE-2FB3-45C8-AFF2-1350FBBA18BD}.Release (C++)|Win32.Build.0 = Release (C++)|Win32
		{6E258AAE-2FB3-45C8-AFF2-1350FBBA18BD}.Release (C++)|x64.ActiveCfg = Release (C++)|x64
		{6E258AAE-2FB3-45C8-AFF2-1350FBBA18BD}.Release (C++)|x64.Build.0 = Release (C++)|x64
		{6E258AAE-2FB3-45C8-AFF2-1350FBBA18BD}.Release (Java)|Any CPU.ActiveCfg = Release (Java)|Win32
		{6E258AAE-2FB3-45C8-AFF2-1350FBBA18BD}.Release (Java)|Any CPU.Build.0 = Release (Java)|Win32
		{6E258AAE-2FB3-45C8-AFF2-1350FBBA18BD}.Release (Java)|Mixed Platforms.ActiveCfg = Release (Java)|Win32
		{6E258AAE-2FB3-45C8-AFF2-1350FBBA18BD}.Release (Java)|Mixed Platforms.Build.0 = Release (Java)|Win32
		{6E258AAE-2FB3-45C8-AFF2-1350FBBA18BD}.Release (Java)|Win32.ActiveCfg = Release (Java)|Win32
		{6E258AAE-2FB3-45C8-AFF2-1350FBBA18BD}.Release (Java)|Win32.Build.0 = Release (Java)|Win32
		{6E258AAE-2FB3-45C8-AFF2-1350FBBA18BD}.Release (Java)|x64.ActiveCfg = Release (Java)|x64
		{6E258AAE-2FB3-45C8-AFF2-1350FBBA18BD}.Release (Java)|x64.Build.0 = Release (Java)|x64
		{6E258AAE-2FB3-45C8-AFF2-1350FBBA18BD}.Release(Python)|Any CPU.ActiveCfg = Release(Python)|Win32
		{6E258AAE-2FB3-45C8-AFF2-1350FBBA18BD}.Release(Python)|Any CPU.Build.0 = Release(Python)|Win32
		{6E258AAE-2FB3-45C8-AFF2-1350FBBA18BD}.Release(Python)|Mixed Platforms.ActiveCfg = Release(Python)|Win32
		{6E258AAE-2FB3-45C8-AFF2-1350FBBA18BD}.Release(Python)|Mixed Platforms.Build.0 = Release(Python)|Win32
		{6E258AAE-2FB3-45C8-AFF2-1350FBBA18BD}.Release(Python)|Win32.ActiveCfg = Release(Python)|Win32
		{6E258AAE-2FB3-45C8-AFF2-1350FBBA18BD}.Release(Python)|Win32.Build.0 = Release(Python)|Win32
		{6E258AAE-2FB3-45C8-AFF2-1350FBBA18BD}.Release(Python)|x64.ActiveCfg = Release(Python)|x64
		{6E258AAE-2FB3-45C8-AFF2-1350FBBA18BD}.Release(Python)|x64.Build.0 = Release(Python)|x64
		{B790E57F-D57C-48B4-8FDF-84FD2F4219AC}.Debug (.NET)|Any CPU.ActiveCfg = Debug (.NET)|Any CPU
		{B790E57F-D57C-48B4-8FDF-84FD2F4219AC}.Debug (.NET)|Any CPU.Build.0 = Debug (.NET)|Any CPU
		{B790E57F-D57C-48B4-8FDF-84FD2F4219AC}.Debug (.NET)|Mixed Platforms.ActiveCfg = Debug (.NET)|Any CPU
		{B790E57F-D57C-48B4-8FDF-84FD2F4219AC}.Debug (.NET)|Mixed Platforms.Build.0 = Debug (.NET)|Any CPU
		{B790E57F-D57C-48B4-8FDF-84FD2F4219AC}.Debug (.NET)|Win32.ActiveCfg = Debug (.NET)|Any CPU
		{B790E57F-D57C-48B4-8FDF-84FD2F4219AC}.Debug (.NET)|Win32.Build.0 = Debug (.NET)|Any CPU
		{B790E57F-D57C-48B4-8FDF-84FD2F4219AC}.Debug (.NET)|x64.ActiveCfg = Debug (.NET)|x64
		{B790E57F-D57C-48B4-8FDF-84FD2F4219AC}.Debug (.NET)|x64.Build.0 = Debug (.NET)|x64
		{B790E57F-D57C-48B4-8FDF-84FD2F4219AC}.Debug (C++)|Any CPU.ActiveCfg = Debug (.NET)|Any CPU
		{B790E57F-D57C-48B4-8FDF-84FD2F4219AC}.Debug (C++)|Any CPU.Build.0 = Debug (.NET)|Any CPU
		{B790E57F-D57C-48B4-8FDF-84FD2F4219AC}.Debug (C++)|Mixed Platforms.ActiveCfg = Debug (.NET)|Any CPU
		{B790E57F-D57C-48B4-8FDF-84FD2F4219AC}.Debug (C++)|Win32.ActiveCfg = Debug (.NET)|Any CPU
		{B790E57F-D57C-48B4-8FDF-84FD2F4219AC}.Debug (C++)|x64.ActiveCfg = Debug (.NET)|x64
		{B790E57F-D57C-48B4-8FDF-84FD2F4219AC}.Release (.NET)|Any CPU.ActiveCfg = Release (.NET)|Any CPU
		{B790E57F-D57C-48B4-8FDF-84FD2F4219AC}.Release (.NET)|Any CPU.Build.0 = Release (.NET)|Any CPU
		{B790E57F-D57C-48B4-8FDF-84FD2F4219AC}.Release (.NET)|Mixed Platforms.ActiveCfg = Release (.NET)|Any CPU
		{B790E57F-D57C-48B4-8FDF-84FD2F4219AC}.Release (.NET)|Mixed Platforms.Build.0 = Release (.NET)|Any CPU
		{B790E57F-D57C-48B4-8FDF-84FD2F4219AC}.Release (.NET)|Win32.ActiveCfg = Release (.NET)|Any CPU
		{B790E57F-D57C-48B4-8FDF-84FD2F4219AC}.Release (.NET)|Win32.Build.0 = Release (.NET)|Any CPU
		{B790E57F-D57C-48B4-8FDF-84FD2F4219AC}.Release (.NET)|x64.ActiveCfg = Release (.NET)|x64
		{B790E57F-D57C-48B4-8FDF-84FD2F4219AC}.Release (.NET)|x64.Build.0 = Release (.NET)|x64
		{B790E57F-D57C-48B4-8FDF-84FD2F4219AC}.Release (C++)|Any CPU.ActiveCfg = Release (.NET)|Any CPU
		{B790E57F-D57C-48B4-8FDF-84FD2F4219AC}.Release (C++)|Any CPU.Build.0 = Release (.NET)|Any CPU
		{B790E57F-D57C-48B4-8FDF-84FD2F4219AC}.Release (C++)|Mixed Platforms.ActiveCfg = Release (.NET)|Any CPU
		{B790E57F-D57C-48B4-8FDF-84FD2F4219AC}.Release (C++)|Win32.ActiveCfg = Release (.NET)|Any CPU
		{B790E57F-D57C-48B4-8FDF-84FD2F4219AC}.Release (C++)|x64.ActiveCfg = Release (.NET)|x64
		{B790E57F-D57C-48B4-8FDF-84FD2F4219AC}.Release (Java)|Any CPU.ActiveCfg = Release (.NET)|Any CPU
		{B790E57F-D57C-48B4-8FDF-84FD2F4219AC}.Release (Java)|Any CPU.Build.0 = Release (.NET)|Any CPU
		{B790E57F-D57C-48B4-8FDF-84FD2F4219AC}.Release (Java)|Mixed Platforms.ActiveCfg = Release (.NET)|Any CPU
		{B790E57F-D57C-48B4-8FDF-84FD2F4219AC}.Release (Java)|Mixed Platforms.Build.0 = Release (.NET)|Any CPU
		{B790E57F-D57C-48B4-8FDF-84FD2F4219AC}.Release (Java)|Win32.ActiveCfg = Release (.NET)|Any CPU
		{B790E57F-D57C-48B4-8FDF-84FD2F4219AC}.Release (Java)|Win32.Build.0 = Release (.NET)|Any CPU
		{B790E57F-D57C-48B4-8FDF-84FD2F4219AC}.Release (Java)|x64.ActiveCfg = Release (.NET)|x64
		{B790E57F-D57C-48B4-8FDF-84FD2F4219AC}.Release (Java)|x64.Build.0 = Release (.NET)|x64
		{B790E57F-D57C-48B4-8FDF-84FD2F4219AC}.Release(Python)|Any CPU.ActiveCfg = Release (.NET)|Any CPU
		{B790E57F-D57C-48B4-8FDF-84FD2F4219AC}.Release(Python)|Mixed Platforms.ActiveCfg = Release (.NET)|Any CPU
		{B790E57F-D57C-48B4-8FDF-84FD2F4219AC}.Release(Python)|Win32.ActiveCfg = Release (.NET)|Any CPU
		{B790E57F-D57C-48B4-8FDF-84FD2F4219AC}.Release(Python)|x64.ActiveCfg = Release (.NET)|x64
		{B790E57F-D57C-48B4-8FDF-84FD2F4219AC}.Release(Python)|x64.Build.0 = Release (.NET)|x64
		{50B79FA8-35FA-40A4-866C-559719455197}.Debug (.NET)|Any CPU.ActiveCfg = Debug (C++)|Win32
		{50B79FA8-35FA-40A4-866C-559719455197}.Debug (.NET)|Mixed Platforms.ActiveCfg = Debug (C++)|Win32
		{50B79FA8-35FA-40A4-866C-559719455197}.Debug (.NET)|Win32.ActiveCfg = Debug (C++)|Win32
		{50B79FA8-35FA-40A4-866C-559719455197}.Debug (.NET)|x64.ActiveCfg = Debug (C++)|x64
		{50B79FA8-35FA-40A4-866C-559719455197}.Debug (C++)|Any CPU.ActiveCfg = Debug (C++)|Win32
		{50B79FA8-35FA-40A4-866C-559719455197}.Debug (C++)|Any CPU.Build.0 = Debug (C++)|Win32
		{50B79FA8-35FA-40A4-866C-559719455197}.Debug (C++)|Mixed Platforms.ActiveCfg = Debug (C++)|Win32
		{50B79FA8-35FA-40A4-866C-559719455197}.Debug (C++)|Win32.ActiveCfg = Debug (C++)|Win32
		{50B79FA8-35FA-40A4-866C-559719455197}.Debug (C++)|Win32.Build.0 = Debug (C++)|Win32
		{50B79FA8-35FA-40A4-866C-559719455197}.Debug (C++)|x64.ActiveCfg = Debug (C++)|x64
		{50B79FA8-35FA-40A4-866C-559719455197}.Debug (C++)|x64.Build.0 = Debug (C++)|x64
		{50B79FA8-35FA-40A4-866C-559719455197}.Release (.NET)|Any CPU.ActiveCfg = Release (C++)|Win32
		{50B79FA8-35FA-40A4-866C-559719455197}.Release (.NET)|Mixed Platforms.ActiveCfg = Release (C++)|Win32
		{50B79FA8-35FA-40A4-866C-559719455197}.Release (.NET)|Win32.ActiveCfg = Release (C++)|Win32
		{50B79FA8-35FA-40A4-866C-559719455197}.Release (.NET)|x64.ActiveCfg = Release (C++)|x64
		{50B79FA8-35FA-40A4-866C-559719455197}.Release (C++)|Any CPU.ActiveCfg = Release (C++)|Win32
		{50B79FA8-35FA-40A4-866C-559719455197}.Release (C++)|Any CPU.Build.0 = Release (C++)|Win32
		{50B79FA8-35FA-40A4-866C-559719455197}.Release (C++)|Mixed Platforms.ActiveCfg = Release (C++)|Win32
		{50B79FA8-35FA-40A4-866C-559719455197}.Release (C++)|Win32.ActiveCfg = Release (C++)|Win32
		{50B79FA8-35FA-40A4-866C-559719455197}.Release (C++)|Win32.Build.0 = Release (C++)|Win32
		{50B79FA8-35FA-40A4-866C-559719455197}.Release (C++)|x64.ActiveCfg = Release (C++)|x64
		{50B79FA8-35FA-40A4-866C-559719455197}.Release (C++)|x64.Build.0 = Release (C++)|x64
		{50B79FA8-35FA-40A4-866C-559719455197}.Release (Java)|Any CPU.ActiveCfg = Release (C++)|x64
		{50B79FA8-35FA-40A4-866C-559719455197}.Release (Java)|Any CPU.Build.0 = Release (C++)|x64
		{50B79FA8-35FA-40A4-866C-559719455197}.Release (Java)|Mixed Platforms.ActiveCfg = Release (C++)|Win32
		{50B79FA8-35FA-40A4-866C-559719455197}.Release (Java)|Mixed Platforms.Build.0 = Release (C++)|Win32
		{50B79FA8-35FA-40A4-866C-559719455197}.Release (Java)|Win32.ActiveCfg = Release (C++)|Win32
		{50B79FA8-35FA-40A4-866C-559719455197}.Release (Java)|x64.ActiveCfg = Release (C++)|x64
		{50B79FA8-35FA-40A4-866C-559719455197}.Release (Java)|x64.Build.0 = Release (C++)|x64
		{50B79FA8-35FA-40A4-866C-559719455197}.Release(Python)|Any CPU.ActiveCfg = Release (C++)|Win32
		{50B79FA8-35FA-40A4-866C-559719455197}.Release(Python)|Mixed Platforms.ActiveCfg = Release (C++)|Win32
		{50B79FA8-35FA-40A4-866C-559719455197}.Release(Python)|Win32.ActiveCfg = Release (C++)|Win32
		{50B79FA8-35FA-40A4-866C-559719455197}.Release(Python)|x64.ActiveCfg = Release (C++)|x64
		{50B79FA8-35FA-40A4-866C-559719455197}.Release(Python)|x64.Build.0 = Release (C++)|x64
		{E56B7B0F-50A0-4C14-995C-2D67B770BD05}.Debug (.NET)|Any CPU.ActiveCfg = Debug (C++)|Win32
		{E56B7B0F-50A0-4C14-995C-2D67B770BD05}.Debug (.NET)|Mixed Platforms.ActiveCfg = Debug (C++)|Win32
		{E56B7B0F-50A0-4C14-995C-2D67B770BD05}.Debug (.NET)|Mixed Platforms.Build.0 = Debug (C++)|Win32
		{E56B7B0F-50A0-4C14-995C-2D67B770BD05}.Debug (.NET)|Win32.ActiveCfg = Debug (C++)|Win32
		{E56B7B0F-50A0-4C14-995C-2D67B770BD05}.Debug (.NET)|x64.ActiveCfg = Debug (C++)|Win32
		{E56B7B0F-50A0-4C14-995C-2D67B770BD05}.Debug (C++)|Any CPU.ActiveCfg = Debug (C++)|Win32
		{E56B7B0F-50A0-4C14-995C-2D67B770BD05}.Debug (C++)|Any CPU.Build.0 = Debug (C++)|Win32
		{E56B7B0F-50A0-4C14-995C-2D67B770BD05}.Debug (C++)|Mixed Platforms.ActiveCfg = Debug (C++)|Win32
		{E56B7B0F-50A0-4C14-995C-2D67B770BD05}.Debug (C++)|Mixed Platforms.Build.0 = Debug (C++)|Win32
		{E56B7B0F-50A0-4C14-995C-2D67B770BD05}.Debug (C++)|Win32.ActiveCfg = Debug (C++)|Win32
		{E56B7B0F-50A0-4C14-995C-2D67B770BD05}.Debug (C++)|Win32.Build.0 = Debug (C++)|Win32
		{E56B7B0F-50A0-4C14-995C-2D67B770BD05}.Debug (C++)|x64.ActiveCfg = Debug (C++)|x64
		{E56B7B0F-50A0-4C14-995C-2D67B770BD05}.Debug (C++)|x64.Build.0 = Debug (C++)|x64
		{E56B7B0F-50A0-4C14-995C-2D67B770BD05}.Release (.NET)|Any CPU.ActiveCfg = Release (C++)|Win32
		{E56B7B0F-50A0-4C14-995C-2D67B770BD05}.Release (.NET)|Mixed Platforms.ActiveCfg = Release (C++)|Win32
		{E56B7B0F-50A0-4C14-995C-2D67B770BD05}.Release (.NET)|Mixed Platforms.Build.0 = Release (C++)|Win32
		{E56B7B0F-50A0-4C14-995C-2D67B770BD05}.Release (.NET)|Win32.ActiveCfg = Release (C++)|Win32
		{E56B7B0F-50A0-4C14-995C-2D67B770BD05}.Release (.NET)|x64.ActiveCfg = Release (C++)|Win32
		{E56B7B0F-50A0-4C14-995C-2D67B770BD05}.Release (C++)|Any CPU.ActiveCfg = Release (C++)|Win32
		{E56B7B0F-50A0-4C14-995C-2D67B770BD05}.Release (C++)|Any CPU.Build.0 = Release (C++)|Win32
		{E56B7B0F-50A0-4C14-995C-2D67B770BD05}.Release (C++)|Mixed Platforms.ActiveCfg = Release (C++)|Win32
		{E56B7B0F-50A0-4C14-995C-2D67B770BD05}.Release (C++)|Mixed Platforms.Build.0 = Release (C++)|Win32
		{E56B7B0F-50A0-4C14-995C-2D67B770BD05}.Release (C++)|Win32.ActiveCfg = Release (C++)|Win32
		{E56B7B0F-50A0-4C14-995C-2D67B770BD05}.Release (C++)|Win32.Build.0 = Release (C++)|Win32
		{E56B7B0F-50A0-4C14-995C-2D67B770BD05}.Release (C++)|x64.ActiveCfg = Release (C++)|x64
		{E56B7B0F-50A0-4C14-995C-2D67B770BD05}.Release (C++)|x64.Build.0 = Release (C++)|x64
		{E56B7B0F-50A0-4C14-995C-2D67B770BD05}.Release (Java)|Any CPU.ActiveCfg = Release (C++)|x64
		{E56B7B0F-50A0-4C14-995C-2D67B770BD05}.Release (Java)|Any CPU.Build.0 = Release (C++)|x64
		{E56B7B0F-50A0-4C14-995C-2D67B770BD05}.Release (Java)|Mixed Platforms.ActiveCfg = Release (C++)|Win32
		{E56B7B0F-50A0-4C14-995C-2D67B770BD05}.Release (Java)|Mixed Platforms.Build.0 = Release (C++)|Win32
		{E56B7B0F-50A0-4C14-995C-2D67B770BD05}.Release (Java)|Win32.ActiveCfg = Release (C++)|Win32
		{E56B7B0F-50A0-4C14-995C-2D67B770BD05}.Release (Java)|x64.ActiveCfg = Release (C++)|x64
		{E56B7B0F-50A0-4C14-995C-2D67B770BD05}.Release(Python)|Any CPU.ActiveCfg = Release (C++)|Win32
		{E56B7B0F-50A0-4C14-995C-2D67B770BD05}.Release(Python)|Mixed Platforms.ActiveCfg = Release (C++)|Win32
		{E56B7B0F-50A0-4C14-995C-2D67B770BD05}.Release(Python)|Mixed Platforms.Build.0 = Release (C++)|Win32
		{E56B7B0F-50A0-4C14-995C-2D67B770BD05}.Release(Python)|Win32.ActiveCfg = Release (C++)|Win32
		{E56B7B0F-50A0-4C14-995C-2D67B770BD05}.Release(Python)|x64.ActiveCfg = Release (C++)|Win32
		{40F258AD-6F12-477A-8F79-8C4BB9BE760C}.Debug (.NET)|Any CPU.ActiveCfg = Debug|Any CPU
		{40F258AD-6F12-477A-8F79-8C4BB9BE760C}.Debug (.NET)|Any CPU.Build.0 = Debug|Any CPU
		{40F258AD-6F12-477A-8F79-8C4BB9BE760C}.Debug (.NET)|Mixed Platforms.ActiveCfg = Debug|Any CPU
		{40F258AD-6F12-477A-8F79-8C4BB9BE760C}.Debug (.NET)|Mixed Platforms.Build.0 = Debug|Any CPU
		{40F258AD-6F12-477A-8F79-8C4BB9BE760C}.Debug (.NET)|Win32.ActiveCfg = Debug|Any CPU
		{40F258AD-6F12-477A-8F79-8C4BB9BE760C}.Debug (.NET)|x64.ActiveCfg = Debug|Any CPU
		{40F258AD-6F12-477A-8F79-8C4BB9BE760C}.Debug (C++)|Any CPU.ActiveCfg = Debug|Any CPU
		{40F258AD-6F12-477A-8F79-8C4BB9BE760C}.Debug (C++)|Any CPU.Build.0 = Debug|Any CPU
		{40F258AD-6F12-477A-8F79-8C4BB9BE760C}.Debug (C++)|Mixed Platforms.ActiveCfg = Debug|Any CPU
		{40F258AD-6F12-477A-8F79-8C4BB9BE760C}.Debug (C++)|Mixed Platforms.Build.0 = Debug|Any CPU
		{40F258AD-6F12-477A-8F79-8C4BB9BE760C}.Debug (C++)|Win32.ActiveCfg = Debug|Any CPU
		{40F258AD-6F12-477A-8F79-8C4BB9BE760C}.Debug (C++)|x64.ActiveCfg = Debug|Any CPU
		{40F258AD-6F12-477A-8F79-8C4BB9BE760C}.Release (.NET)|Any CPU.ActiveCfg = Release|Any CPU
		{40F258AD-6F12-477A-8F79-8C4BB9BE760C}.Release (.NET)|Any CPU.Build.0 = Release|Any CPU
		{40F258AD-6F12-477A-8F79-8C4BB9BE760C}.Release (.NET)|Mixed Platforms.ActiveCfg = Release|Any CPU
		{40F258AD-6F12-477A-8F79-8C4BB9BE760C}.Release (.NET)|Mixed Platforms.Build.0 = Release|Any CPU
		{40F258AD-6F12-477A-8F79-8C4BB9BE760C}.Release (.NET)|Win32.ActiveCfg = Release|Any CPU
		{40F258AD-6F12-477A-8F79-8C4BB9BE760C}.Release (.NET)|x64.ActiveCfg = Release|Any CPU
		{40F258AD-6F12-477A-8F79-8C4BB9BE760C}.Release (C++)|Any CPU.ActiveCfg = Release|Any CPU
		{40F258AD-6F12-477A-8F79-8C4BB9BE760C}.Release (C++)|Any CPU.Build.0 = Release|Any CPU
		{40F258AD-6F12-477A-8F79-8C4BB9BE760C}.Release (C++)|Mixed Platforms.ActiveCfg = Release|Any CPU
		{40F258AD-6F12-477A-8F79-8C4BB9BE760C}.Release (C++)|Mixed Platforms.Build.0 = Release|Any CPU
		{40F258AD-6F12-477A-8F79-8C4BB9BE760C}.Release (C++)|Win32.ActiveCfg = Release|Any CPU
		{40F258AD-6F12-477A-8F79-8C4BB9BE760C}.Release (C++)|x64.ActiveCfg = Release|Any CPU
		{40F258AD-6F12-477A-8F79-8C4BB9BE760C}.Release (Java)|Any CPU.ActiveCfg = Release (Java)|Any CPU
		{40F258AD-6F12-477A-8F79-8C4BB9BE760C}.Release (Java)|Mixed Platforms.ActiveCfg = Release (Java)|Any CPU
		{40F258AD-6F12-477A-8F79-8C4BB9BE760C}.Release (Java)|Mixed Platforms.Build.0 = Release (Java)|Any CPU
		{40F258AD-6F12-477A-8F79-8C4BB9BE760C}.Release (Java)|Win32.ActiveCfg = Release (Java)|Any CPU
		{40F258AD-6F12-477A-8F79-8C4BB9BE760C}.Release (Java)|x64.ActiveCfg = Release (Java)|Any CPU
		{40F258AD-6F12-477A-8F79-8C4BB9BE760C}.Release(Python)|Any CPU.ActiveCfg = Release|Any CPU
		{40F258AD-6F12-477A-8F79-8C4BB9BE760C}.Release(Python)|Any CPU.Build.0 = Release|Any CPU
		{40F258AD-6F12-477A-8F79-8C4BB9BE760C}.Release(Python)|Mixed Platforms.ActiveCfg = Release|Any CPU
		{40F258AD-6F12-477A-8F79-8C4BB9BE760C}.Release(Python)|Mixed Platforms.Build.0 = Release|Any CPU
		{40F258AD-6F12-477A-8F79-8C4BB9BE760C}.Release(Python)|Win32.ActiveCfg = Release|Any CPU
		{40F258AD-6F12-477A-8F79-8C4BB9BE760C}.Release(Python)|x64.ActiveCfg = Release|Any CPU
	EndGlobalSection
	GlobalSection(SolutionProperties) = preSolution
		HideSolutionNode = FALSE
	EndGlobalSection
EndGlobal
