
Microsoft Visual Studio Solution File, Format Version 12.00
# Visual Studio 2013
VisualStudioVersion = 12.0.30501.0
MinimumVisualStudioVersion = 10.0.40219.1
Project("{8BC9CEB8-8B4A-11D0-8D11-00A0C91BC942}") = "NodePing", "NodePing\NodePing.vcxproj", "{1D10F630-3384-445D-99C1-C214B18FFBAA}"
EndProject
Project("{8BC9CEB8-8B4A-11D0-8D11-00A0C91BC942}") = "BaseStationBeacon", "BaseStationBeacon\BaseStationBeacon.vcxproj", "{DDDB0229-F2DC-4ECE-86D5-60C5C3758E00}"
EndProject
Project("{8BC9CEB8-8B4A-11D0-8D11-00A0C91BC942}") = "ParseData", "ParseData\ParseData.vcxproj", "{E944F14C-4E5B-4D6C-A385-2E88306B8947}"
EndProject
Project("{8BC9CEB8-8B4A-11D0-8D11-00A0C91BC942}") = "SynchronizedSampling", "SynchronizedSampling\SynchronizedSampling.vcxproj", "{B9E36FF4-92E6-466D-94A6-1790276ED6C7}"
EndProject
Project("{8BC9CEB8-8B4A-11D0-8D11-00A0C91BC942}") = "ConfigureNode", "ConfigureNode\ConfigureNode.vcxproj", "{C0CD248D-D592-45E7-BA53-F81FB14083AB}"
EndProject
Project("{8BC9CEB8-8B4A-11D0-8D11-00A0C91BC942}") = "StopNode", "StopNode\StopNode.vcxproj", "{EAADD795-ED88-4EB4-ABE7-D56698224C0C}"
EndProject
Project("{8BC9CEB8-8B4A-11D0-8D11-00A0C91BC942}") = "ArmedDatalogging", "ArmedDatalogging\ArmedDatalogging.vcxproj", "{7103D38A-2C77-484A-AAAC-959173AC8935}"
EndProject
Global
	GlobalSection(SolutionConfigurationPlatforms) = preSolution
		Debug|Any CPU = Debug|Any CPU
		Debug|Mixed Platforms = Debug|Mixed Platforms
		Debug|Win32 = Debug|Win32
		Release|Any CPU = Release|Any CPU
		Release|Mixed Platforms = Release|Mixed Platforms
		Release|Win32 = Release|Win32
	EndGlobalSection
	GlobalSection(ProjectConfigurationPlatforms) = postSolution
		{1D10F630-3384-445D-99C1-C214B18FFBAA}.Debug|Any CPU.ActiveCfg = Debug|Win32
		{1D10F630-3384-445D-99C1-C214B18FFBAA}.Debug|Mixed Platforms.ActiveCfg = Debug|Win32
		{1D10F630-3384-445D-99C1-C214B18FFBAA}.Debug|Mixed Platforms.Build.0 = Debug|Win32
		{1D10F630-3384-445D-99C1-C214B18FFBAA}.Debug|Win32.ActiveCfg = Debug|Win32
		{1D10F630-3384-445D-99C1-C214B18FFBAA}.Debug|Win32.Build.0 = Debug|Win32
		{1D10F630-3384-445D-99C1-C214B18FFBAA}.Release|Any CPU.ActiveCfg = Release|Win32
		{1D10F630-3384-445D-99C1-C214B18FFBAA}.Release|Mixed Platforms.ActiveCfg = Release|Win32
		{1D10F630-3384-445D-99C1-C214B18FFBAA}.Release|Mixed Platforms.Build.0 = Release|Win32
		{1D10F630-3384-445D-99C1-C214B18FFBAA}.Release|Win32.ActiveCfg = Release|Win32
		{1D10F630-3384-445D-99C1-C214B18FFBAA}.Release|Win32.Build.0 = Release|Win32
		{DDDB0229-F2DC-4ECE-86D5-60C5C3758E00}.Debug|Any CPU.ActiveCfg = Debug|Win32
		{DDDB0229-F2DC-4ECE-86D5-60C5C3758E00}.Debug|Mixed Platforms.ActiveCfg = Debug|Win32
		{DDDB0229-F2DC-4ECE-86D5-60C5C3758E00}.Debug|Mixed Platforms.Build.0 = Debug|Win32
		{DDDB0229-F2DC-4ECE-86D5-60C5C3758E00}.Debug|Win32.ActiveCfg = Debug|Win32
		{DDDB0229-F2DC-4ECE-86D5-60C5C3758E00}.Debug|Win32.Build.0 = Debug|Win32
		{DDDB0229-F2DC-4ECE-86D5-60C5C3758E00}.Release|Any CPU.ActiveCfg = Release|Win32
		{DDDB0229-F2DC-4ECE-86D5-60C5C3758E00}.Release|Mixed Platforms.ActiveCfg = Release|Win32
		{DDDB0229-F2DC-4ECE-86D5-60C5C3758E00}.Release|Mixed Platforms.Build.0 = Release|Win32
		{DDDB0229-F2DC-4ECE-86D5-60C5C3758E00}.Release|Win32.ActiveCfg = Release|Win32
		{DDDB0229-F2DC-4ECE-86D5-60C5C3758E00}.Release|Win32.Build.0 = Release|Win32
		{E944F14C-4E5B-4D6C-A385-2E88306B8947}.Debug|Any CPU.ActiveCfg = Debug|Win32
		{E944F14C-4E5B-4D6C-A385-2E88306B8947}.Debug|Mixed Platforms.ActiveCfg = Debug|Win32
		{E944F14C-4E5B-4D6C-A385-2E88306B8947}.Debug|Mixed Platforms.Build.0 = Debug|Win32
		{E944F14C-4E5B-4D6C-A385-2E88306B8947}.Debug|Win32.ActiveCfg = Debug|Win32
		{E944F14C-4E5B-4D6C-A385-2E88306B8947}.Debug|Win32.Build.0 = Debug|Win32
		{E944F14C-4E5B-4D6C-A385-2E88306B8947}.Release|Any CPU.ActiveCfg = Release|Win32
		{E944F14C-4E5B-4D6C-A385-2E88306B8947}.Release|Mixed Platforms.ActiveCfg = Release|Win32
		{E944F14C-4E5B-4D6C-A385-2E88306B8947}.Release|Mixed Platforms.Build.0 = Release|Win32
		{E944F14C-4E5B-4D6C-A385-2E88306B8947}.Release|Win32.ActiveCfg = Release|Win32
		{E944F14C-4E5B-4D6C-A385-2E88306B8947}.Release|Win32.Build.0 = Release|Win32
		{B9E36FF4-92E6-466D-94A6-1790276ED6C7}.Debug|Any CPU.ActiveCfg = Debug|Win32
		{B9E36FF4-92E6-466D-94A6-1790276ED6C7}.Debug|Mixed Platforms.ActiveCfg = Debug|Win32
		{B9E36FF4-92E6-466D-94A6-1790276ED6C7}.Debug|Mixed Platforms.Build.0 = Debug|Win32
		{B9E36FF4-92E6-466D-94A6-1790276ED6C7}.Debug|Win32.ActiveCfg = Debug|Win32
		{B9E36FF4-92E6-466D-94A6-1790276ED6C7}.Debug|Win32.Build.0 = Debug|Win32
		{B9E36FF4-92E6-466D-94A6-1790276ED6C7}.Release|Any CPU.ActiveCfg = Release|Win32
		{B9E36FF4-92E6-466D-94A6-1790276ED6C7}.Release|Mixed Platforms.ActiveCfg = Release|Win32
		{B9E36FF4-92E6-466D-94A6-1790276ED6C7}.Release|Mixed Platforms.Build.0 = Release|Win32
		{B9E36FF4-92E6-466D-94A6-1790276ED6C7}.Release|Win32.ActiveCfg = Release|Win32
		{B9E36FF4-92E6-466D-94A6-1790276ED6C7}.Release|Win32.Build.0 = Release|Win32
		{C0CD248D-D592-45E7-BA53-F81FB14083AB}.Debug|Any CPU.ActiveCfg = Debug|Win32
		{C0CD248D-D592-45E7-BA53-F81FB14083AB}.Debug|Mixed Platforms.ActiveCfg = Debug|Win32
		{C0CD248D-D592-45E7-BA53-F81FB14083AB}.Debug|Mixed Platforms.Build.0 = Debug|Win32
		{C0CD248D-D592-45E7-BA53-F81FB14083AB}.Debug|Win32.ActiveCfg = Debug|Win32
		{C0CD248D-D592-45E7-BA53-F81FB14083AB}.Debug|Win32.Build.0 = Debug|Win32
		{C0CD248D-D592-45E7-BA53-F81FB14083AB}.Release|Any CPU.ActiveCfg = Release|Win32
		{C0CD248D-D592-45E7-BA53-F81FB14083AB}.Release|Mixed Platforms.ActiveCfg = Release|Win32
		{C0CD248D-D592-45E7-BA53-F81FB14083AB}.Release|Mixed Platforms.Build.0 = Release|Win32
		{C0CD248D-D592-45E7-BA53-F81FB14083AB}.Release|Win32.ActiveCfg = Release|Win32
		{C0CD248D-D592-45E7-BA53-F81FB14083AB}.Release|Win32.Build.0 = Release|Win32
		{EAADD795-ED88-4EB4-ABE7-D56698224C0C}.Debug|Any CPU.ActiveCfg = Debug|Win32
		{EAADD795-ED88-4EB4-ABE7-D56698224C0C}.Debug|Mixed Platforms.ActiveCfg = Debug|Win32
		{EAADD795-ED88-4EB4-ABE7-D56698224C0C}.Debug|Mixed Platforms.Build.0 = Debug|Win32
		{EAADD795-ED88-4EB4-ABE7-D56698224C0C}.Debug|Win32.ActiveCfg = Debug|Win32
		{EAADD795-ED88-4EB4-ABE7-D56698224C0C}.Debug|Win32.Build.0 = Debug|Win32
		{EAADD795-ED88-4EB4-ABE7-D56698224C0C}.Release|Any CPU.ActiveCfg = Release|Win32
		{EAADD795-ED88-4EB4-ABE7-D56698224C0C}.Release|Mixed Platforms.ActiveCfg = Release|Win32
		{EAADD795-ED88-4EB4-ABE7-D56698224C0C}.Release|Mixed Platforms.Build.0 = Release|Win32
		{EAADD795-ED88-4EB4-ABE7-D56698224C0C}.Release|Win32.ActiveCfg = Release|Win32
		{EAADD795-ED88-4EB4-ABE7-D56698224C0C}.Release|Win32.Build.0 = Release|Win32
		{7103D38A-2C77-484A-AAAC-959173AC8935}.Debug|Any CPU.ActiveCfg = Debug|Win32
		{7103D38A-2C77-484A-AAAC-959173AC8935}.Debug|Mixed Platforms.ActiveCfg = Debug|Win32
		{7103D38A-2C77-484A-AAAC-959173AC8935}.Debug|Mixed Platforms.Build.0 = Debug|Win32
		{7103D38A-2C77-484A-AAAC-959173AC8935}.Debug|Win32.ActiveCfg = Debug|Win32
		{7103D38A-2C77-484A-AAAC-959173AC8935}.Debug|Win32.Build.0 = Debug|Win32
		{7103D38A-2C77-484A-AAAC-959173AC8935}.Release|Any CPU.ActiveCfg = Release|Win32
		{7103D38A-2C77-484A-AAAC-959173AC8935}.Release|Mixed Platforms.ActiveCfg = Release|Win32
		{7103D38A-2C77-484A-AAAC-959173AC8935}.Release|Mixed Platforms.Build.0 = Release|Win32
		{7103D38A-2C77-484A-AAAC-959173AC8935}.Release|Win32.ActiveCfg = Release|Win32
		{7103D38A-2C77-484A-AAAC-959173AC8935}.Release|Win32.Build.0 = Release|Win32
	EndGlobalSection
	GlobalSection(SolutionProperties) = preSolution
		HideSolutionNode = FALSE
	EndGlobalSection
EndGlobal
