
Microsoft Visual Studio Solution File, Format Version 12.00
# Visual Studio Express 2012 for Windows Desktop
Project("{FAE04EC0-301F-11D3-BF4B-00C04F79EFBC}") = "ParseData", "ParseData\ParseData.csproj", "{87D19C00-04C4-46FD-8168-5DD1E545A627}"
EndProject
Global
	GlobalSection(SolutionConfigurationPlatforms) = preSolution
		Debug|Any CPU = Debug|Any CPU
		Release|Any CPU = Release|Any CPU
	EndGlobalSection
	GlobalSection(ProjectConfigurationPlatforms) = postSolution
		{87D19C00-04C4-46FD-8168-5DD1E545A627}.Debug|Any CPU.ActiveCfg = Debug|Any CPU
		{87D19C00-04C4-46FD-8168-5DD1E545A627}.Debug|Any CPU.Build.0 = Debug|Any CPU
		{87D19C00-04C4-46FD-8168-5DD1E545A627}.Release|Any CPU.ActiveCfg = Release|Any CPU
		{87D19C00-04C4-46FD-8168-5DD1E545A627}.Release|Any CPU.Build.0 = Release|Any CPU
	EndGlobalSection
	GlobalSection(SolutionProperties) = preSolution
		HideSolutionNode = FALSE
	EndGlobalSection
EndGlobal
