
Microsoft Visual Studio Solution File, Format Version 12.00
# Visual Studio 14
VisualStudioVersion = 14.0.25420.1
MinimumVisualStudioVersion = 10.0.40219.1
Project("{FAE04EC0-301F-11D3-BF4B-00C04F79EFBC}") = "MSCL_Inertial_Example_CSharp", "MSCL_Inertial_Example_CSharp\MSCL_Inertial_Example_CSharp.csproj", "{D2298F9F-F0D1-49CF-9EF0-2D8C573F3CEC}"
EndProject
Global
	GlobalSection(SolutionConfigurationPlatforms) = preSolution
		Debug|Any CPU = Debug|Any CPU
		Release|Any CPU = Release|Any CPU
	EndGlobalSection
	GlobalSection(ProjectConfigurationPlatforms) = postSolution
		{D2298F9F-F0D1-49CF-9EF0-2D8C573F3CEC}.Debug|Any CPU.ActiveCfg = Debug|Any CPU
		{D2298F9F-F0D1-49CF-9EF0-2D8C573F3CEC}.Debug|Any CPU.Build.0 = Debug|Any CPU
		{D2298F9F-F0D1-49CF-9EF0-2D8C573F3CEC}.Release|Any CPU.ActiveCfg = Release|Any CPU
		{D2298F9F-F0D1-49CF-9EF0-2D8C573F3CEC}.Release|Any CPU.Build.0 = Release|Any CPU
	EndGlobalSection
	GlobalSection(SolutionProperties) = preSolution
		HideSolutionNode = FALSE
	EndGlobalSection
EndGlobal
