
Microsoft Visual Studio Solution File, Format Version 12.00
# Visual Studio 14
VisualStudioVersion = 14.0.25420.1
MinimumVisualStudioVersion = 10.0.40219.1
Project("{FAE04EC0-301F-11D3-BF4B-00C04F79EFBC}") = "NodePing", "NodePing\NodePing.csproj", "{B67A0C1C-69FB-4ED5-9BBF-30A74389E395}"
EndProject
Project("{FAE04EC0-301F-11D3-BF4B-00C04F79EFBC}") = "BaseStationBeacon", "BaseStationBeacon\BaseStationBeacon.csproj", "{17BD5F99-FBD4-498A-A87A-F204DB10C931}"
EndProject
Project("{FAE04EC0-301F-11D3-BF4B-00C04F79EFBC}") = "ParseData", "ParseData\ParseData.csproj", "{8DE47BE1-09C8-491C-8CB3-CF5E13649DA4}"
EndProject
Project("{FAE04EC0-301F-11D3-BF4B-00C04F79EFBC}") = "SynchronizedSampling", "SynchronizedSampling\SynchronizedSampling.csproj", "{2AC87E03-5747-4BD3-B7B2-7291C8D83485}"
EndProject
Project("{FAE04EC0-301F-11D3-BF4B-00C04F79EFBC}") = "ConfigureNode", "ConfigureNode\ConfigureNode.csproj", "{18C66B25-05BD-4034-9F2E-1533A4E0B3B2}"
EndProject
Project("{FAE04EC0-301F-11D3-BF4B-00C04F79EFBC}") = "StopNode", "StopNode\StopNode.csproj", "{91702C5C-FF10-45D9-9A02-9019FE46FC3E}"
EndProject
Global
	GlobalSection(SolutionConfigurationPlatforms) = preSolution
		Debug|Any CPU = Debug|Any CPU
		Debug|Mixed Platforms = Debug|Mixed Platforms
		Debug|Win32 = Debug|Win32
		Debug|x86 = Debug|x86
		Release|Any CPU = Release|Any CPU
		Release|Mixed Platforms = Release|Mixed Platforms
		Release|Win32 = Release|Win32
		Release|x86 = Release|x86
	EndGlobalSection
	GlobalSection(ProjectConfigurationPlatforms) = postSolution
		{B67A0C1C-69FB-4ED5-9BBF-30A74389E395}.Debug|Any CPU.ActiveCfg = Debug|Any CPU
		{B67A0C1C-69FB-4ED5-9BBF-30A74389E395}.Debug|Any CPU.Build.0 = Debug|Any CPU
		{B67A0C1C-69FB-4ED5-9BBF-30A74389E395}.Debug|Mixed Platforms.ActiveCfg = Debug|x86
		{B67A0C1C-69FB-4ED5-9BBF-30A74389E395}.Debug|Mixed Platforms.Build.0 = Debug|x86
		{B67A0C1C-69FB-4ED5-9BBF-30A74389E395}.Debug|Win32.ActiveCfg = Debug|x86
		{B67A0C1C-69FB-4ED5-9BBF-30A74389E395}.Debug|Win32.Build.0 = Debug|x86
		{B67A0C1C-69FB-4ED5-9BBF-30A74389E395}.Debug|x86.ActiveCfg = Debug|x86
		{B67A0C1C-69FB-4ED5-9BBF-30A74389E395}.Debug|x86.Build.0 = Debug|x86
		{B67A0C1C-69FB-4ED5-9BBF-30A74389E395}.Release|Any CPU.ActiveCfg = Release|Any CPU
		{B67A0C1C-69FB-4ED5-9BBF-30A74389E395}.Release|Any CPU.Build.0 = Release|Any CPU
		{B67A0C1C-69FB-4ED5-9BBF-30A74389E395}.Release|Mixed Platforms.ActiveCfg = Release|x86
		{B67A0C1C-69FB-4ED5-9BBF-30A74389E395}.Release|Mixed Platforms.Build.0 = Release|x86
		{B67A0C1C-69FB-4ED5-9BBF-30A74389E395}.Release|Win32.ActiveCfg = Release|x86
		{B67A0C1C-69FB-4ED5-9BBF-30A74389E395}.Release|Win32.Build.0 = Release|x86
		{B67A0C1C-69FB-4ED5-9BBF-30A74389E395}.Release|x86.ActiveCfg = Release|x86
		{B67A0C1C-69FB-4ED5-9BBF-30A74389E395}.Release|x86.Build.0 = Release|x86
		{17BD5F99-FBD4-498A-A87A-F204DB10C931}.Debug|Any CPU.ActiveCfg = Debug|Any CPU
		{17BD5F99-FBD4-498A-A87A-F204DB10C931}.Debug|Any CPU.Build.0 = Debug|Any CPU
		{17BD5F99-FBD4-498A-A87A-F204DB10C931}.Debug|Mixed Platforms.ActiveCfg = Debug|x86
		{17BD5F99-FBD4-498A-A87A-F204DB10C931}.Debug|Mixed Platforms.Build.0 = Debug|x86
		{17BD5F99-FBD4-498A-A87A-F204DB10C931}.Debug|Win32.ActiveCfg = Debug|x86
		{17BD5F99-FBD4-498A-A87A-F204DB10C931}.Debug|Win32.Build.0 = Debug|x86
		{17BD5F99-FBD4-498A-A87A-F204DB10C931}.Debug|x86.ActiveCfg = Debug|x86
		{17BD5F99-FBD4-498A-A87A-F204DB10C931}.Debug|x86.Build.0 = Debug|x86
		{17BD5F99-FBD4-498A-A87A-F204DB10C931}.Release|Any CPU.ActiveCfg = Release|Any CPU
		{17BD5F99-FBD4-498A-A87A-F204DB10C931}.Release|Any CPU.Build.0 = Release|Any CPU
		{17BD5F99-FBD4-498A-A87A-F204DB10C931}.Release|Mixed Platforms.ActiveCfg = Release|x86
		{17BD5F99-FBD4-498A-A87A-F204DB10C931}.Release|Mixed Platforms.Build.0 = Release|x86
		{17BD5F99-FBD4-498A-A87A-F204DB10C931}.Release|Win32.ActiveCfg = Release|x86
		{17BD5F99-FBD4-498A-A87A-F204DB10C931}.Release|Win32.Build.0 = Release|x86
		{17BD5F99-FBD4-498A-A87A-F204DB10C931}.Release|x86.ActiveCfg = Release|x86
		{17BD5F99-FBD4-498A-A87A-F204DB10C931}.Release|x86.Build.0 = Release|x86
		{8DE47BE1-09C8-491C-8CB3-CF5E13649DA4}.Debug|Any CPU.ActiveCfg = Debug|Any CPU
		{8DE47BE1-09C8-491C-8CB3-CF5E13649DA4}.Debug|Any CPU.Build.0 = Debug|Any CPU
		{8DE47BE1-09C8-491C-8CB3-CF5E13649DA4}.Debug|Mixed Platforms.ActiveCfg = Debug|Any CPU
		{8DE47BE1-09C8-491C-8CB3-CF5E13649DA4}.Debug|Mixed Platforms.Build.0 = Debug|Any CPU
		{8DE47BE1-09C8-491C-8CB3-CF5E13649DA4}.Debug|Win32.ActiveCfg = Debug|Any CPU
		{8DE47BE1-09C8-491C-8CB3-CF5E13649DA4}.Debug|x86.ActiveCfg = Debug|Any CPU
		{8DE47BE1-09C8-491C-8CB3-CF5E13649DA4}.Release|Any CPU.ActiveCfg = Release|Any CPU
		{8DE47BE1-09C8-491C-8CB3-CF5E13649DA4}.Release|Any CPU.Build.0 = Release|Any CPU
		{8DE47BE1-09C8-491C-8CB3-CF5E13649DA4}.Release|Mixed Platforms.ActiveCfg = Release|Any CPU
		{8DE47BE1-09C8-491C-8CB3-CF5E13649DA4}.Release|Mixed Platforms.Build.0 = Release|Any CPU
		{8DE47BE1-09C8-491C-8CB3-CF5E13649DA4}.Release|Win32.ActiveCfg = Release|Any CPU
		{8DE47BE1-09C8-491C-8CB3-CF5E13649DA4}.Release|x86.ActiveCfg = Release|Any CPU
		{2AC87E03-5747-4BD3-B7B2-7291C8D83485}.Debug|Any CPU.ActiveCfg = Debug|Any CPU
		{2AC87E03-5747-4BD3-B7B2-7291C8D83485}.Debug|Any CPU.Build.0 = Debug|Any CPU
		{2AC87E03-5747-4BD3-B7B2-7291C8D83485}.Debug|Mixed Platforms.ActiveCfg = Debug|Any CPU
		{2AC87E03-5747-4BD3-B7B2-7291C8D83485}.Debug|Mixed Platforms.Build.0 = Debug|Any CPU
		{2AC87E03-5747-4BD3-B7B2-7291C8D83485}.Debug|Win32.ActiveCfg = Debug|Any CPU
		{2AC87E03-5747-4BD3-B7B2-7291C8D83485}.Debug|x86.ActiveCfg = Debug|Any CPU
		{2AC87E03-5747-4BD3-B7B2-7291C8D83485}.Release|Any CPU.ActiveCfg = Release|Any CPU
		{2AC87E03-5747-4BD3-B7B2-7291C8D83485}.Release|Any CPU.Build.0 = Release|Any CPU
		{2AC87E03-5747-4BD3-B7B2-7291C8D83485}.Release|Mixed Platforms.ActiveCfg = Release|Any CPU
		{2AC87E03-5747-4BD3-B7B2-7291C8D83485}.Release|Mixed Platforms.Build.0 = Release|Any CPU
		{2AC87E03-5747-4BD3-B7B2-7291C8D83485}.Release|Win32.ActiveCfg = Release|Any CPU
		{2AC87E03-5747-4BD3-B7B2-7291C8D83485}.Release|x86.ActiveCfg = Release|Any CPU
		{18C66B25-05BD-4034-9F2E-1533A4E0B3B2}.Debug|Any CPU.ActiveCfg = Debug|Any CPU
		{18C66B25-05BD-4034-9F2E-1533A4E0B3B2}.Debug|Any CPU.Build.0 = Debug|Any CPU
		{18C66B25-05BD-4034-9F2E-1533A4E0B3B2}.Debug|Mixed Platforms.ActiveCfg = Debug|x86
		{18C66B25-05BD-4034-9F2E-1533A4E0B3B2}.Debug|Mixed Platforms.Build.0 = Debug|x86
		{18C66B25-05BD-4034-9F2E-1533A4E0B3B2}.Debug|Win32.ActiveCfg = Debug|x86
		{18C66B25-05BD-4034-9F2E-1533A4E0B3B2}.Debug|Win32.Build.0 = Debug|x86
		{18C66B25-05BD-4034-9F2E-1533A4E0B3B2}.Debug|x86.ActiveCfg = Debug|x86
		{18C66B25-05BD-4034-9F2E-1533A4E0B3B2}.Debug|x86.Build.0 = Debug|x86
		{18C66B25-05BD-4034-9F2E-1533A4E0B3B2}.Release|Any CPU.ActiveCfg = Release|Any CPU
		{18C66B25-05BD-4034-9F2E-1533A4E0B3B2}.Release|Any CPU.Build.0 = Release|Any CPU
		{18C66B25-05BD-4034-9F2E-1533A4E0B3B2}.Release|Mixed Platforms.ActiveCfg = Release|x86
		{18C66B25-05BD-4034-9F2E-1533A4E0B3B2}.Release|Mixed Platforms.Build.0 = Release|x86
		{18C66B25-05BD-4034-9F2E-1533A4E0B3B2}.Release|Win32.ActiveCfg = Release|x86
		{18C66B25-05BD-4034-9F2E-1533A4E0B3B2}.Release|Win32.Build.0 = Release|x86
		{18C66B25-05BD-4034-9F2E-1533A4E0B3B2}.Release|x86.ActiveCfg = Release|x86
		{18C66B25-05BD-4034-9F2E-1533A4E0B3B2}.Release|x86.Build.0 = Release|x86
		{91702C5C-FF10-45D9-9A02-9019FE46FC3E}.Debug|Any CPU.ActiveCfg = Debug|Any CPU
		{91702C5C-FF10-45D9-9A02-9019FE46FC3E}.Debug|Any CPU.Build.0 = Debug|Any CPU
		{91702C5C-FF10-45D9-9A02-9019FE46FC3E}.Debug|Mixed Platforms.ActiveCfg = Debug|x86
		{91702C5C-FF10-45D9-9A02-9019FE46FC3E}.Debug|Mixed Platforms.Build.0 = Debug|x86
		{91702C5C-FF10-45D9-9A02-9019FE46FC3E}.Debug|Win32.ActiveCfg = Debug|x86
		{91702C5C-FF10-45D9-9A02-9019FE46FC3E}.Debug|Win32.Build.0 = Debug|x86
		{91702C5C-FF10-45D9-9A02-9019FE46FC3E}.Debug|x86.ActiveCfg = Debug|x86
		{91702C5C-FF10-45D9-9A02-9019FE46FC3E}.Debug|x86.Build.0 = Debug|x86
		{91702C5C-FF10-45D9-9A02-9019FE46FC3E}.Release|Any CPU.ActiveCfg = Release|Any CPU
		{91702C5C-FF10-45D9-9A02-9019FE46FC3E}.Release|Any CPU.Build.0 = Release|Any CPU
		{91702C5C-FF10-45D9-9A02-9019FE46FC3E}.Release|Mixed Platforms.ActiveCfg = Release|x86
		{91702C5C-FF10-45D9-9A02-9019FE46FC3E}.Release|Mixed Platforms.Build.0 = Release|x86
		{91702C5C-FF10-45D9-9A02-9019FE46FC3E}.Release|Win32.ActiveCfg = Release|x86
		{91702C5C-FF10-45D9-9A02-9019FE46FC3E}.Release|Win32.Build.0 = Release|x86
		{91702C5C-FF10-45D9-9A02-9019FE46FC3E}.Release|x86.ActiveCfg = Release|x86
		{91702C5C-FF10-45D9-9A02-9019FE46FC3E}.Release|x86.Build.0 = Release|x86
	EndGlobalSection
	GlobalSection(SolutionProperties) = preSolution
		HideSolutionNode = FALSE
	EndGlobalSection
EndGlobal
